
Microsoft Visual Studio Solution File, Format Version 12.00
# Visual Studio Version 17
VisualStudioVersion = 17.3.32819.101
MinimumVisualStudioVersion = 10.0.40219.1
Project("{9A19103F-16F7-4668-BE54-9A1E7A4F7556}") = "basicForms", "basicForms\basicForms.csproj", "{786D077A-0709-48BE-80B0-BB15292835FC}"
EndProject
Global
	GlobalSection(SolutionConfigurationPlatforms) = preSolution
		Debug|Any CPU = Debug|Any CPU
		Release|Any CPU = Release|Any CPU
	EndGlobalSection
	GlobalSection(ProjectConfigurationPlatforms) = postSolution
		{786D077A-0709-48BE-80B0-BB15292835FC}.Debug|Any CPU.ActiveCfg = Debug|Any CPU
		{786D077A-0709-48BE-80B0-BB15292835FC}.Debug|Any CPU.Build.0 = Debug|Any CPU
		{786D077A-0709-48BE-80B0-BB15292835FC}.Release|Any CPU.ActiveCfg = Release|Any CPU
		{786D077A-0709-48BE-80B0-BB15292835FC}.Release|Any CPU.Build.0 = Release|Any CPU
	EndGlobalSection
	GlobalSection(SolutionProperties) = preSolution
		HideSolutionNode = FALSE
	EndGlobalSection
	GlobalSection(ExtensibilityGlobals) = postSolution
		SolutionGuid = {EE3C2C12-53EC-4572-8F2B-49D60FD19756}
	EndGlobalSection
EndGlobal
